// !$*UTF8*$!
{
	archiveVersion = 1;
	classes = {
	};
	objectVersion = 46;
	objects = {

/* Begin PBXBuildFile section */
		8EA86D311F1CC33600D3FDFE /* STEnvirment.h in Headers */ = {isa = PBXBuildFile; fileRef = 8EA86D2F1F1CC33600D3FDFE /* STEnvirment.h */; settings = {ATTRIBUTES = (Public, ); }; };
		8EA86D5A1F1CC48000D3FDFE /* STMutiTabView.h in Headers */ = {isa = PBXBuildFile; fileRef = 8EA86D581F1CC48000D3FDFE /* STMutiTabView.h */; };
		8EA86D5B1F1CC48000D3FDFE /* STMutiTabView.m in Sources */ = {isa = PBXBuildFile; fileRef = 8EA86D591F1CC48000D3FDFE /* STMutiTabView.m */; };
		8EA86D781F1CC80900D3FDFE /* MASCompositeConstraint.h in Headers */ = {isa = PBXBuildFile; fileRef = 8EA86D5E1F1CC80900D3FDFE /* MASCompositeConstraint.h */; };
		8EA86D791F1CC80900D3FDFE /* MASConstraint.h in Headers */ = {isa = PBXBuildFile; fileRef = 8EA86D5F1F1CC80900D3FDFE /* MASConstraint.h */; };
		8EA86D7A1F1CC80900D3FDFE /* MASConstraintMaker.h in Headers */ = {isa = PBXBuildFile; fileRef = 8EA86D601F1CC80900D3FDFE /* MASConstraintMaker.h */; };
		8EA86D7B1F1CC80900D3FDFE /* MASLayoutConstraint.h in Headers */ = {isa = PBXBuildFile; fileRef = 8EA86D611F1CC80900D3FDFE /* MASLayoutConstraint.h */; };
		8EA86D7C1F1CC80900D3FDFE /* Masonry.h in Headers */ = {isa = PBXBuildFile; fileRef = 8EA86D621F1CC80900D3FDFE /* Masonry.h */; };
		8EA86D7D1F1CC80900D3FDFE /* MASUtilities.h in Headers */ = {isa = PBXBuildFile; fileRef = 8EA86D631F1CC80900D3FDFE /* MASUtilities.h */; };
		8EA86D7E1F1CC80900D3FDFE /* MASViewAttribute.h in Headers */ = {isa = PBXBuildFile; fileRef = 8EA86D641F1CC80900D3FDFE /* MASViewAttribute.h */; };
		8EA86D7F1F1CC80900D3FDFE /* MASViewConstraint.h in Headers */ = {isa = PBXBuildFile; fileRef = 8EA86D651F1CC80900D3FDFE /* MASViewConstraint.h */; };
		8EA86D801F1CC80900D3FDFE /* NSArray+MASAdditions.h in Headers */ = {isa = PBXBuildFile; fileRef = 8EA86D661F1CC80900D3FDFE /* NSArray+MASAdditions.h */; };
		8EA86D811F1CC80900D3FDFE /* NSArray+MASShorthandAdditions.h in Headers */ = {isa = PBXBuildFile; fileRef = 8EA86D671F1CC80900D3FDFE /* NSArray+MASShorthandAdditions.h */; };
		8EA86D821F1CC80900D3FDFE /* NSLayoutConstraint+MASDebugAdditions.h in Headers */ = {isa = PBXBuildFile; fileRef = 8EA86D681F1CC80900D3FDFE /* NSLayoutConstraint+MASDebugAdditions.h */; };
		8EA86D831F1CC80900D3FDFE /* View+MASAdditions.h in Headers */ = {isa = PBXBuildFile; fileRef = 8EA86D691F1CC80900D3FDFE /* View+MASAdditions.h */; };
		8EA86D841F1CC80900D3FDFE /* View+MASShorthandAdditions.h in Headers */ = {isa = PBXBuildFile; fileRef = 8EA86D6A1F1CC80900D3FDFE /* View+MASShorthandAdditions.h */; };
		8EA86D851F1CC80900D3FDFE /* ViewController+MASAdditions.h in Headers */ = {isa = PBXBuildFile; fileRef = 8EA86D6B1F1CC80900D3FDFE /* ViewController+MASAdditions.h */; };
		8EA86DB21F1CC9D200D3FDFE /* MJRefreshAutoFooter.h in Headers */ = {isa = PBXBuildFile; fileRef = 8EA86D991F1CC9D100D3FDFE /* MJRefreshAutoFooter.h */; };
		8EA86DB31F1CC9D200D3FDFE /* MJRefreshBackFooter.h in Headers */ = {isa = PBXBuildFile; fileRef = 8EA86D9A1F1CC9D100D3FDFE /* MJRefreshBackFooter.h */; };
		8EA86DB41F1CC9D200D3FDFE /* MJRefreshComponent.h in Headers */ = {isa = PBXBuildFile; fileRef = 8EA86D9B1F1CC9D100D3FDFE /* MJRefreshComponent.h */; };
		8EA86DB51F1CC9D200D3FDFE /* MJRefreshFooter.h in Headers */ = {isa = PBXBuildFile; fileRef = 8EA86D9C1F1CC9D100D3FDFE /* MJRefreshFooter.h */; };
		8EA86DB61F1CC9D200D3FDFE /* MJRefreshHeader.h in Headers */ = {isa = PBXBuildFile; fileRef = 8EA86D9D1F1CC9D100D3FDFE /* MJRefreshHeader.h */; };
		8EA86DB71F1CC9D200D3FDFE /* MJRefreshAutoGifFooter.h in Headers */ = {isa = PBXBuildFile; fileRef = 8EA86DA11F1CC9D200D3FDFE /* MJRefreshAutoGifFooter.h */; };
		8EA86DB81F1CC9D200D3FDFE /* MJRefreshAutoNormalFooter.h in Headers */ = {isa = PBXBuildFile; fileRef = 8EA86DA21F1CC9D200D3FDFE /* MJRefreshAutoNormalFooter.h */; };
		8EA86DB91F1CC9D200D3FDFE /* MJRefreshAutoStateFooter.h in Headers */ = {isa = PBXBuildFile; fileRef = 8EA86DA31F1CC9D200D3FDFE /* MJRefreshAutoStateFooter.h */; };
		8EA86DBA1F1CC9D200D3FDFE /* MJRefreshBackGifFooter.h in Headers */ = {isa = PBXBuildFile; fileRef = 8EA86DA51F1CC9D200D3FDFE /* MJRefreshBackGifFooter.h */; };
		8EA86DBB1F1CC9D200D3FDFE /* MJRefreshBackNormalFooter.h in Headers */ = {isa = PBXBuildFile; fileRef = 8EA86DA61F1CC9D200D3FDFE /* MJRefreshBackNormalFooter.h */; };
		8EA86DBC1F1CC9D200D3FDFE /* MJRefreshBackStateFooter.h in Headers */ = {isa = PBXBuildFile; fileRef = 8EA86DA71F1CC9D200D3FDFE /* MJRefreshBackStateFooter.h */; };
		8EA86DBD1F1CC9D200D3FDFE /* MJRefreshGifHeader.h in Headers */ = {isa = PBXBuildFile; fileRef = 8EA86DA91F1CC9D200D3FDFE /* MJRefreshGifHeader.h */; };
		8EA86DBE1F1CC9D200D3FDFE /* MJRefreshNormalHeader.h in Headers */ = {isa = PBXBuildFile; fileRef = 8EA86DAA1F1CC9D200D3FDFE /* MJRefreshNormalHeader.h */; };
		8EA86DBF1F1CC9D200D3FDFE /* MJRefreshStateHeader.h in Headers */ = {isa = PBXBuildFile; fileRef = 8EA86DAB1F1CC9D200D3FDFE /* MJRefreshStateHeader.h */; };
		8EA86DC01F1CC9D200D3FDFE /* MJRefresh.h in Headers */ = {isa = PBXBuildFile; fileRef = 8EA86DAC1F1CC9D200D3FDFE /* MJRefresh.h */; };
		8EA86DC11F1CC9D200D3FDFE /* MJRefreshConst.h in Headers */ = {isa = PBXBuildFile; fileRef = 8EA86DAD1F1CC9D200D3FDFE /* MJRefreshConst.h */; };
		8EA86DC21F1CC9D200D3FDFE /* NSBundle+MJRefresh.h in Headers */ = {isa = PBXBuildFile; fileRef = 8EA86DAE1F1CC9D200D3FDFE /* NSBundle+MJRefresh.h */; };
		8EA86DC31F1CC9D200D3FDFE /* UIScrollView+MJExtension.h in Headers */ = {isa = PBXBuildFile; fileRef = 8EA86DAF1F1CC9D200D3FDFE /* UIScrollView+MJExtension.h */; };
		8EA86DC41F1CC9D200D3FDFE /* UIScrollView+MJRefresh.h in Headers */ = {isa = PBXBuildFile; fileRef = 8EA86DB01F1CC9D200D3FDFE /* UIScrollView+MJRefresh.h */; };
		8EA86DC51F1CC9D200D3FDFE /* UIView+MJExtension.h in Headers */ = {isa = PBXBuildFile; fileRef = 8EA86DB11F1CC9D200D3FDFE /* UIView+MJExtension.h */; };
		8EA86DC81F1CCA1300D3FDFE /* UIScrollView+STMutiTabView.h in Headers */ = {isa = PBXBuildFile; fileRef = 8EA86DC61F1CCA1300D3FDFE /* UIScrollView+STMutiTabView.h */; };
		8EA86DC91F1CCA1300D3FDFE /* UIScrollView+STMutiTabView.m in Sources */ = {isa = PBXBuildFile; fileRef = 8EA86DC71F1CCA1300D3FDFE /* UIScrollView+STMutiTabView.m */; };
		8EA86DCB1F1CCA7500D3FDFE /* common.h in Headers */ = {isa = PBXBuildFile; fileRef = 8EA86DCA1F1CCA7500D3FDFE /* common.h */; };
		8EA86E061F1CCDF300D3FDFE /* STEnvirmentController.h in Headers */ = {isa = PBXBuildFile; fileRef = 8EA86E041F1CCDF300D3FDFE /* STEnvirmentController.h */; settings = {ATTRIBUTES = (Public, ); }; };
		8EA86E071F1CCDF300D3FDFE /* STEnvirmentController.m in Sources */ = {isa = PBXBuildFile; fileRef = 8EA86E051F1CCDF300D3FDFE /* STEnvirmentController.m */; };
		8EA86E0A1F1CE9A100D3FDFE /* STLogCell.h in Headers */ = {isa = PBXBuildFile; fileRef = 8EA86E081F1CE9A100D3FDFE /* STLogCell.h */; };
		8EA86E0B1F1CE9A100D3FDFE /* STLogCell.m in Sources */ = {isa = PBXBuildFile; fileRef = 8EA86E091F1CE9A100D3FDFE /* STLogCell.m */; };
		8EA86E0E1F1CFDC000D3FDFE /* STEnvirmentModel.h in Headers */ = {isa = PBXBuildFile; fileRef = 8EA86E0C1F1CFDC000D3FDFE /* STEnvirmentModel.h */; };
		8EA86E0F1F1CFDC000D3FDFE /* STEnvirmentModel.m in Sources */ = {isa = PBXBuildFile; fileRef = 8EA86E0D1F1CFDC000D3FDFE /* STEnvirmentModel.m */; };
		8EA86E711F1DDCDE00D3FDFE /* STCustomAdressCell.h in Headers */ = {isa = PBXBuildFile; fileRef = 8EA86E6F1F1DDCDE00D3FDFE /* STCustomAdressCell.h */; };
		8EA86E721F1DDCDE00D3FDFE /* STCustomAdressCell.m in Sources */ = {isa = PBXBuildFile; fileRef = 8EA86E701F1DDCDE00D3FDFE /* STCustomAdressCell.m */; };
/* End PBXBuildFile section */

/* Begin PBXFileReference section */
		8EA86D2C1F1CC33600D3FDFE /* STEnvirment.framework */ = {isa = PBXFileReference; explicitFileType = wrapper.framework; includeInIndex = 0; path = STEnvirment.framework; sourceTree = BUILT_PRODUCTS_DIR; };
		8EA86D2F1F1CC33600D3FDFE /* STEnvirment.h */ = {isa = PBXFileReference; lastKnownFileType = sourcecode.c.h; path = STEnvirment.h; sourceTree = "<group>"; };
		8EA86D301F1CC33600D3FDFE /* Info.plist */ = {isa = PBXFileReference; lastKnownFileType = text.plist.xml; path = Info.plist; sourceTree = "<group>"; };
		8EA86D581F1CC48000D3FDFE /* STMutiTabView.h */ = {isa = PBXFileReference; fileEncoding = 4; lastKnownFileType = sourcecode.c.h; path = STMutiTabView.h; sourceTree = "<group>"; };
		8EA86D591F1CC48000D3FDFE /* STMutiTabView.m */ = {isa = PBXFileReference; fileEncoding = 4; lastKnownFileType = sourcecode.c.objc; path = STMutiTabView.m; sourceTree = "<group>"; };
		8EA86D5E1F1CC80900D3FDFE /* MASCompositeConstraint.h */ = {isa = PBXFileReference; fileEncoding = 4; lastKnownFileType = sourcecode.c.h; path = MASCompositeConstraint.h; sourceTree = "<group>"; };
		8EA86D5F1F1CC80900D3FDFE /* MASConstraint.h */ = {isa = PBXFileReference; fileEncoding = 4; lastKnownFileType = sourcecode.c.h; path = MASConstraint.h; sourceTree = "<group>"; };
		8EA86D601F1CC80900D3FDFE /* MASConstraintMaker.h */ = {isa = PBXFileReference; fileEncoding = 4; lastKnownFileType = sourcecode.c.h; path = MASConstraintMaker.h; sourceTree = "<group>"; };
		8EA86D611F1CC80900D3FDFE /* MASLayoutConstraint.h */ = {isa = PBXFileReference; fileEncoding = 4; lastKnownFileType = sourcecode.c.h; path = MASLayoutConstraint.h; sourceTree = "<group>"; };
		8EA86D621F1CC80900D3FDFE /* Masonry.h */ = {isa = PBXFileReference; fileEncoding = 4; lastKnownFileType = sourcecode.c.h; path = Masonry.h; sourceTree = "<group>"; };
		8EA86D631F1CC80900D3FDFE /* MASUtilities.h */ = {isa = PBXFileReference; fileEncoding = 4; lastKnownFileType = sourcecode.c.h; path = MASUtilities.h; sourceTree = "<group>"; };
		8EA86D641F1CC80900D3FDFE /* MASViewAttribute.h */ = {isa = PBXFileReference; fileEncoding = 4; lastKnownFileType = sourcecode.c.h; path = MASViewAttribute.h; sourceTree = "<group>"; };
		8EA86D651F1CC80900D3FDFE /* MASViewConstraint.h */ = {isa = PBXFileReference; fileEncoding = 4; lastKnownFileType = sourcecode.c.h; path = MASViewConstraint.h; sourceTree = "<group>"; };
		8EA86D661F1CC80900D3FDFE /* NSArray+MASAdditions.h */ = {isa = PBXFileReference; fileEncoding = 4; lastKnownFileType = sourcecode.c.h; path = "NSArray+MASAdditions.h"; sourceTree = "<group>"; };
		8EA86D671F1CC80900D3FDFE /* NSArray+MASShorthandAdditions.h */ = {isa = PBXFileReference; fileEncoding = 4; lastKnownFileType = sourcecode.c.h; path = "NSArray+MASShorthandAdditions.h"; sourceTree = "<group>"; };
		8EA86D681F1CC80900D3FDFE /* NSLayoutConstraint+MASDebugAdditions.h */ = {isa = PBXFileReference; fileEncoding = 4; lastKnownFileType = sourcecode.c.h; path = "NSLayoutConstraint+MASDebugAdditions.h"; sourceTree = "<group>"; };
		8EA86D691F1CC80900D3FDFE /* View+MASAdditions.h */ = {isa = PBXFileReference; fileEncoding = 4; lastKnownFileType = sourcecode.c.h; path = "View+MASAdditions.h"; sourceTree = "<group>"; };
		8EA86D6A1F1CC80900D3FDFE /* View+MASShorthandAdditions.h */ = {isa = PBXFileReference; fileEncoding = 4; lastKnownFileType = sourcecode.c.h; path = "View+MASShorthandAdditions.h"; sourceTree = "<group>"; };
		8EA86D6B1F1CC80900D3FDFE /* ViewController+MASAdditions.h */ = {isa = PBXFileReference; fileEncoding = 4; lastKnownFileType = sourcecode.c.h; path = "ViewController+MASAdditions.h"; sourceTree = "<group>"; };
		8EA86D991F1CC9D100D3FDFE /* MJRefreshAutoFooter.h */ = {isa = PBXFileReference; fileEncoding = 4; lastKnownFileType = sourcecode.c.h; path = MJRefreshAutoFooter.h; sourceTree = "<group>"; };
		8EA86D9A1F1CC9D100D3FDFE /* MJRefreshBackFooter.h */ = {isa = PBXFileReference; fileEncoding = 4; lastKnownFileType = sourcecode.c.h; path = MJRefreshBackFooter.h; sourceTree = "<group>"; };
		8EA86D9B1F1CC9D100D3FDFE /* MJRefreshComponent.h */ = {isa = PBXFileReference; fileEncoding = 4; lastKnownFileType = sourcecode.c.h; path = MJRefreshComponent.h; sourceTree = "<group>"; };
		8EA86D9C1F1CC9D100D3FDFE /* MJRefreshFooter.h */ = {isa = PBXFileReference; fileEncoding = 4; lastKnownFileType = sourcecode.c.h; path = MJRefreshFooter.h; sourceTree = "<group>"; };
		8EA86D9D1F1CC9D100D3FDFE /* MJRefreshHeader.h */ = {isa = PBXFileReference; fileEncoding = 4; lastKnownFileType = sourcecode.c.h; path = MJRefreshHeader.h; sourceTree = "<group>"; };
		8EA86DA11F1CC9D200D3FDFE /* MJRefreshAutoGifFooter.h */ = {isa = PBXFileReference; fileEncoding = 4; lastKnownFileType = sourcecode.c.h; path = MJRefreshAutoGifFooter.h; sourceTree = "<group>"; };
		8EA86DA21F1CC9D200D3FDFE /* MJRefreshAutoNormalFooter.h */ = {isa = PBXFileReference; fileEncoding = 4; lastKnownFileType = sourcecode.c.h; path = MJRefreshAutoNormalFooter.h; sourceTree = "<group>"; };
		8EA86DA31F1CC9D200D3FDFE /* MJRefreshAutoStateFooter.h */ = {isa = PBXFileReference; fileEncoding = 4; lastKnownFileType = sourcecode.c.h; path = MJRefreshAutoStateFooter.h; sourceTree = "<group>"; };
		8EA86DA51F1CC9D200D3FDFE /* MJRefreshBackGifFooter.h */ = {isa = PBXFileReference; fileEncoding = 4; lastKnownFileType = sourcecode.c.h; path = MJRefreshBackGifFooter.h; sourceTree = "<group>"; };
		8EA86DA61F1CC9D200D3FDFE /* MJRefreshBackNormalFooter.h */ = {isa = PBXFileReference; fileEncoding = 4; lastKnownFileType = sourcecode.c.h; path = MJRefreshBackNormalFooter.h; sourceTree = "<group>"; };
		8EA86DA71F1CC9D200D3FDFE /* MJRefreshBackStateFooter.h */ = {isa = PBXFileReference; fileEncoding = 4; lastKnownFileType = sourcecode.c.h; path = MJRefreshBackStateFooter.h; sourceTree = "<group>"; };
		8EA86DA91F1CC9D200D3FDFE /* MJRefreshGifHeader.h */ = {isa = PBXFileReference; fileEncoding = 4; lastKnownFileType = sourcecode.c.h; path = MJRefreshGifHeader.h; sourceTree = "<group>"; };
		8EA86DAA1F1CC9D200D3FDFE /* MJRefreshNormalHeader.h */ = {isa = PBXFileReference; fileEncoding = 4; lastKnownFileType = sourcecode.c.h; path = MJRefreshNormalHeader.h; sourceTree = "<group>"; };
		8EA86DAB1F1CC9D200D3FDFE /* MJRefreshStateHeader.h */ = {isa = PBXFileReference; fileEncoding = 4; lastKnownFileType = sourcecode.c.h; path = MJRefreshStateHeader.h; sourceTree = "<group>"; };
		8EA86DAC1F1CC9D200D3FDFE /* MJRefresh.h */ = {isa = PBXFileReference; fileEncoding = 4; lastKnownFileType = sourcecode.c.h; path = MJRefresh.h; sourceTree = "<group>"; };
		8EA86DAD1F1CC9D200D3FDFE /* MJRefreshConst.h */ = {isa = PBXFileReference; fileEncoding = 4; lastKnownFileType = sourcecode.c.h; path = MJRefreshConst.h; sourceTree = "<group>"; };
		8EA86DAE1F1CC9D200D3FDFE /* NSBundle+MJRefresh.h */ = {isa = PBXFileReference; fileEncoding = 4; lastKnownFileType = sourcecode.c.h; path = "NSBundle+MJRefresh.h"; sourceTree = "<group>"; };
		8EA86DAF1F1CC9D200D3FDFE /* UIScrollView+MJExtension.h */ = {isa = PBXFileReference; fileEncoding = 4; lastKnownFileType = sourcecode.c.h; path = "UIScrollView+MJExtension.h"; sourceTree = "<group>"; };
		8EA86DB01F1CC9D200D3FDFE /* UIScrollView+MJRefresh.h */ = {isa = PBXFileReference; fileEncoding = 4; lastKnownFileType = sourcecode.c.h; path = "UIScrollView+MJRefresh.h"; sourceTree = "<group>"; };
		8EA86DB11F1CC9D200D3FDFE /* UIView+MJExtension.h */ = {isa = PBXFileReference; fileEncoding = 4; lastKnownFileType = sourcecode.c.h; path = "UIView+MJExtension.h"; sourceTree = "<group>"; };
		8EA86DC61F1CCA1300D3FDFE /* UIScrollView+STMutiTabView.h */ = {isa = PBXFileReference; fileEncoding = 4; lastKnownFileType = sourcecode.c.h; path = "UIScrollView+STMutiTabView.h"; sourceTree = "<group>"; };
		8EA86DC71F1CCA1300D3FDFE /* UIScrollView+STMutiTabView.m */ = {isa = PBXFileReference; fileEncoding = 4; lastKnownFileType = sourcecode.c.objc; path = "UIScrollView+STMutiTabView.m"; sourceTree = "<group>"; };
		8EA86DCA1F1CCA7500D3FDFE /* common.h */ = {isa = PBXFileReference; fileEncoding = 4; lastKnownFileType = sourcecode.c.h; path = common.h; sourceTree = "<group>"; };
		8EA86E041F1CCDF300D3FDFE /* STEnvirmentController.h */ = {isa = PBXFileReference; fileEncoding = 4; lastKnownFileType = sourcecode.c.h; path = STEnvirmentController.h; sourceTree = "<group>"; };
		8EA86E051F1CCDF300D3FDFE /* STEnvirmentController.m */ = {isa = PBXFileReference; fileEncoding = 4; lastKnownFileType = sourcecode.c.objc; path = STEnvirmentController.m; sourceTree = "<group>"; };
		8EA86E081F1CE9A100D3FDFE /* STLogCell.h */ = {isa = PBXFileReference; fileEncoding = 4; lastKnownFileType = sourcecode.c.h; path = STLogCell.h; sourceTree = "<group>"; };
		8EA86E091F1CE9A100D3FDFE /* STLogCell.m */ = {isa = PBXFileReference; fileEncoding = 4; lastKnownFileType = sourcecode.c.objc; path = STLogCell.m; sourceTree = "<group>"; };
		8EA86E0C1F1CFDC000D3FDFE /* STEnvirmentModel.h */ = {isa = PBXFileReference; fileEncoding = 4; lastKnownFileType = sourcecode.c.h; path = STEnvirmentModel.h; sourceTree = "<group>"; };
		8EA86E0D1F1CFDC000D3FDFE /* STEnvirmentModel.m */ = {isa = PBXFileReference; fileEncoding = 4; lastKnownFileType = sourcecode.c.objc; path = STEnvirmentModel.m; sourceTree = "<group>"; };
		8EA86E6F1F1DDCDE00D3FDFE /* STCustomAdressCell.h */ = {isa = PBXFileReference; fileEncoding = 4; lastKnownFileType = sourcecode.c.h; path = STCustomAdressCell.h; sourceTree = "<group>"; };
		8EA86E701F1DDCDE00D3FDFE /* STCustomAdressCell.m */ = {isa = PBXFileReference; fileEncoding = 4; lastKnownFileType = sourcecode.c.objc; path = STCustomAdressCell.m; sourceTree = "<group>"; };
/* End PBXFileReference section */

/* Begin PBXFrameworksBuildPhase section */
		8EA86D281F1CC33600D3FDFE /* Frameworks */ = {
			isa = PBXFrameworksBuildPhase;
			buildActionMask = 2147483647;
			files = (
			);
			runOnlyForDeploymentPostprocessing = 0;
		};
/* End PBXFrameworksBuildPhase section */

/* Begin PBXGroup section */
		8EA86D221F1CC33500D3FDFE = {
			isa = PBXGroup;
			children = (
				8EA86D5C1F1CC80900D3FDFE /* include */,
				8EA86D2E1F1CC33600D3FDFE /* STEnvirment */,
				8EA86D2D1F1CC33600D3FDFE /* Products */,
			);
			sourceTree = "<group>";
		};
		8EA86D2D1F1CC33600D3FDFE /* Products */ = {
			isa = PBXGroup;
			children = (
				8EA86D2C1F1CC33600D3FDFE /* STEnvirment.framework */,
			);
			name = Products;
			sourceTree = "<group>";
		};
		8EA86D2E1F1CC33600D3FDFE /* STEnvirment */ = {
			isa = PBXGroup;
			children = (
				8EA86DCA1F1CCA7500D3FDFE /* common.h */,
				8EA86D581F1CC48000D3FDFE /* STMutiTabView.h */,
				8EA86D591F1CC48000D3FDFE /* STMutiTabView.m */,
				8EA86D2F1F1CC33600D3FDFE /* STEnvirment.h */,
				8EA86D301F1CC33600D3FDFE /* Info.plist */,
				8EA86DC61F1CCA1300D3FDFE /* UIScrollView+STMutiTabView.h */,
				8EA86DC71F1CCA1300D3FDFE /* UIScrollView+STMutiTabView.m */,
				8EA86E041F1CCDF300D3FDFE /* STEnvirmentController.h */,
				8EA86E051F1CCDF300D3FDFE /* STEnvirmentController.m */,
				8EA86E081F1CE9A100D3FDFE /* STLogCell.h */,
				8EA86E091F1CE9A100D3FDFE /* STLogCell.m */,
				8EA86E0C1F1CFDC000D3FDFE /* STEnvirmentModel.h */,
				8EA86E0D1F1CFDC000D3FDFE /* STEnvirmentModel.m */,
				8EA86E6F1F1DDCDE00D3FDFE /* STCustomAdressCell.h */,
				8EA86E701F1DDCDE00D3FDFE /* STCustomAdressCell.m */,
			);
			path = STEnvirment;
			sourceTree = "<group>";
		};
		8EA86D5C1F1CC80900D3FDFE /* include */ = {
			isa = PBXGroup;
			children = (
				8EA86D971F1CC9D100D3FDFE /* MJRefresh */,
				8EA86D5D1F1CC80900D3FDFE /* Masonry */,
			);
			path = include;
			sourceTree = "<group>";
		};
		8EA86D5D1F1CC80900D3FDFE /* Masonry */ = {
			isa = PBXGroup;
			children = (
				8EA86D5E1F1CC80900D3FDFE /* MASCompositeConstraint.h */,
				8EA86D5F1F1CC80900D3FDFE /* MASConstraint.h */,
				8EA86D601F1CC80900D3FDFE /* MASConstraintMaker.h */,
				8EA86D611F1CC80900D3FDFE /* MASLayoutConstraint.h */,
				8EA86D621F1CC80900D3FDFE /* Masonry.h */,
				8EA86D631F1CC80900D3FDFE /* MASUtilities.h */,
				8EA86D641F1CC80900D3FDFE /* MASViewAttribute.h */,
				8EA86D651F1CC80900D3FDFE /* MASViewConstraint.h */,
				8EA86D661F1CC80900D3FDFE /* NSArray+MASAdditions.h */,
				8EA86D671F1CC80900D3FDFE /* NSArray+MASShorthandAdditions.h */,
				8EA86D681F1CC80900D3FDFE /* NSLayoutConstraint+MASDebugAdditions.h */,
				8EA86D691F1CC80900D3FDFE /* View+MASAdditions.h */,
				8EA86D6A1F1CC80900D3FDFE /* View+MASShorthandAdditions.h */,
				8EA86D6B1F1CC80900D3FDFE /* ViewController+MASAdditions.h */,
			);
			path = Masonry;
			sourceTree = "<group>";
		};
		8EA86D971F1CC9D100D3FDFE /* MJRefresh */ = {
			isa = PBXGroup;
			children = (
				8EA86D981F1CC9D100D3FDFE /* Base */,
				8EA86D9E1F1CC9D100D3FDFE /* Custom */,
				8EA86DAC1F1CC9D200D3FDFE /* MJRefresh.h */,
				8EA86DAD1F1CC9D200D3FDFE /* MJRefreshConst.h */,
				8EA86DAE1F1CC9D200D3FDFE /* NSBundle+MJRefresh.h */,
				8EA86DAF1F1CC9D200D3FDFE /* UIScrollView+MJExtension.h */,
				8EA86DB01F1CC9D200D3FDFE /* UIScrollView+MJRefresh.h */,
				8EA86DB11F1CC9D200D3FDFE /* UIView+MJExtension.h */,
			);
			path = MJRefresh;
			sourceTree = "<group>";
		};
		8EA86D981F1CC9D100D3FDFE /* Base */ = {
			isa = PBXGroup;
			children = (
				8EA86D991F1CC9D100D3FDFE /* MJRefreshAutoFooter.h */,
				8EA86D9A1F1CC9D100D3FDFE /* MJRefreshBackFooter.h */,
				8EA86D9B1F1CC9D100D3FDFE /* MJRefreshComponent.h */,
				8EA86D9C1F1CC9D100D3FDFE /* MJRefreshFooter.h */,
				8EA86D9D1F1CC9D100D3FDFE /* MJRefreshHeader.h */,
			);
			path = Base;
			sourceTree = "<group>";
		};
		8EA86D9E1F1CC9D100D3FDFE /* Custom */ = {
			isa = PBXGroup;
			children = (
				8EA86D9F1F1CC9D200D3FDFE /* Footer */,
				8EA86DA81F1CC9D200D3FDFE /* Header */,
			);
			path = Custom;
			sourceTree = "<group>";
		};
		8EA86D9F1F1CC9D200D3FDFE /* Footer */ = {
			isa = PBXGroup;
			children = (
				8EA86DA01F1CC9D200D3FDFE /* Auto */,
				8EA86DA41F1CC9D200D3FDFE /* Back */,
			);
			path = Footer;
			sourceTree = "<group>";
		};
		8EA86DA01F1CC9D200D3FDFE /* Auto */ = {
			isa = PBXGroup;
			children = (
				8EA86DA11F1CC9D200D3FDFE /* MJRefreshAutoGifFooter.h */,
				8EA86DA21F1CC9D200D3FDFE /* MJRefreshAutoNormalFooter.h */,
				8EA86DA31F1CC9D200D3FDFE /* MJRefreshAutoStateFooter.h */,
			);
			path = Auto;
			sourceTree = "<group>";
		};
		8EA86DA41F1CC9D200D3FDFE /* Back */ = {
			isa = PBXGroup;
			children = (
				8EA86DA51F1CC9D200D3FDFE /* MJRefreshBackGifFooter.h */,
				8EA86DA61F1CC9D200D3FDFE /* MJRefreshBackNormalFooter.h */,
				8EA86DA71F1CC9D200D3FDFE /* MJRefreshBackStateFooter.h */,
			);
			path = Back;
			sourceTree = "<group>";
		};
		8EA86DA81F1CC9D200D3FDFE /* Header */ = {
			isa = PBXGroup;
			children = (
				8EA86DA91F1CC9D200D3FDFE /* MJRefreshGifHeader.h */,
				8EA86DAA1F1CC9D200D3FDFE /* MJRefreshNormalHeader.h */,
				8EA86DAB1F1CC9D200D3FDFE /* MJRefreshStateHeader.h */,
			);
			path = Header;
			sourceTree = "<group>";
		};
/* End PBXGroup section */

/* Begin PBXHeadersBuildPhase section */
		8EA86D291F1CC33600D3FDFE /* Headers */ = {
			isa = PBXHeadersBuildPhase;
			buildActionMask = 2147483647;
			files = (
				8EA86E061F1CCDF300D3FDFE /* STEnvirmentController.h in Headers */,
				8EA86DBF1F1CC9D200D3FDFE /* MJRefreshStateHeader.h in Headers */,
				8EA86D821F1CC80900D3FDFE /* NSLayoutConstraint+MASDebugAdditions.h in Headers */,
				8EA86D7F1F1CC80900D3FDFE /* MASViewConstraint.h in Headers */,
				8EA86D781F1CC80900D3FDFE /* MASCompositeConstraint.h in Headers */,
				8EA86D801F1CC80900D3FDFE /* NSArray+MASAdditions.h in Headers */,
				8EA86DB71F1CC9D200D3FDFE /* MJRefreshAutoGifFooter.h in Headers */,
				8EA86DC51F1CC9D200D3FDFE /* UIView+MJExtension.h in Headers */,
				8EA86DB51F1CC9D200D3FDFE /* MJRefreshFooter.h in Headers */,
				8EA86DB21F1CC9D200D3FDFE /* MJRefreshAutoFooter.h in Headers */,
				8EA86E711F1DDCDE00D3FDFE /* STCustomAdressCell.h in Headers */,
				8EA86E0A1F1CE9A100D3FDFE /* STLogCell.h in Headers */,
				8EA86DC41F1CC9D200D3FDFE /* UIScrollView+MJRefresh.h in Headers */,
				8EA86DB91F1CC9D200D3FDFE /* MJRefreshAutoStateFooter.h in Headers */,
				8EA86DCB1F1CCA7500D3FDFE /* common.h in Headers */,
				8EA86D7D1F1CC80900D3FDFE /* MASUtilities.h in Headers */,
				8EA86D831F1CC80900D3FDFE /* View+MASAdditions.h in Headers */,
				8EA86DBC1F1CC9D200D3FDFE /* MJRefreshBackStateFooter.h in Headers */,
				8EA86DC01F1CC9D200D3FDFE /* MJRefresh.h in Headers */,
				8EA86DBE1F1CC9D200D3FDFE /* MJRefreshNormalHeader.h in Headers */,
				8EA86DC81F1CCA1300D3FDFE /* UIScrollView+STMutiTabView.h in Headers */,
				8EA86DB81F1CC9D200D3FDFE /* MJRefreshAutoNormalFooter.h in Headers */,
				8EA86D7B1F1CC80900D3FDFE /* MASLayoutConstraint.h in Headers */,
				8EA86D7C1F1CC80900D3FDFE /* Masonry.h in Headers */,
				8EA86D7E1F1CC80900D3FDFE /* MASViewAttribute.h in Headers */,
				8EA86D811F1CC80900D3FDFE /* NSArray+MASShorthandAdditions.h in Headers */,
				8EA86DC11F1CC9D200D3FDFE /* MJRefreshConst.h in Headers */,
				8EA86E0E1F1CFDC000D3FDFE /* STEnvirmentModel.h in Headers */,
				8EA86D7A1F1CC80900D3FDFE /* MASConstraintMaker.h in Headers */,
				8EA86DB61F1CC9D200D3FDFE /* MJRefreshHeader.h in Headers */,
				8EA86D5A1F1CC48000D3FDFE /* STMutiTabView.h in Headers */,
				8EA86DBB1F1CC9D200D3FDFE /* MJRefreshBackNormalFooter.h in Headers */,
				8EA86DBA1F1CC9D200D3FDFE /* MJRefreshBackGifFooter.h in Headers */,
				8EA86D311F1CC33600D3FDFE /* STEnvirment.h in Headers */,
				8EA86D851F1CC80900D3FDFE /* ViewController+MASAdditions.h in Headers */,
				8EA86DC21F1CC9D200D3FDFE /* NSBundle+MJRefresh.h in Headers */,
				8EA86DB31F1CC9D200D3FDFE /* MJRefreshBackFooter.h in Headers */,
				8EA86DC31F1CC9D200D3FDFE /* UIScrollView+MJExtension.h in Headers */,
				8EA86D841F1CC80900D3FDFE /* View+MASShorthandAdditions.h in Headers */,
				8EA86D791F1CC80900D3FDFE /* MASConstraint.h in Headers */,
				8EA86DB41F1CC9D200D3FDFE /* MJRefreshComponent.h in Headers */,
				8EA86DBD1F1CC9D200D3FDFE /* MJRefreshGifHeader.h in Headers */,
			);
			runOnlyForDeploymentPostprocessing = 0;
		};
/* End PBXHeadersBuildPhase section */

/* Begin PBXNativeTarget section */
		8EA86D2B1F1CC33600D3FDFE /* STEnvirment */ = {
			isa = PBXNativeTarget;
			buildConfigurationList = 8EA86D341F1CC33600D3FDFE /* Build configuration list for PBXNativeTarget "STEnvirment" */;
			buildPhases = (
				8EA86D271F1CC33600D3FDFE /* Sources */,
				8EA86D281F1CC33600D3FDFE /* Frameworks */,
				8EA86D291F1CC33600D3FDFE /* Headers */,
				8EA86D2A1F1CC33600D3FDFE /* Resources */,
			);
			buildRules = (
			);
			dependencies = (
			);
			name = STEnvirment;
			productName = STEnvirment;
			productReference = 8EA86D2C1F1CC33600D3FDFE /* STEnvirment.framework */;
			productType = "com.apple.product-type.framework";
		};
/* End PBXNativeTarget section */

/* Begin PBXProject section */
		8EA86D231F1CC33500D3FDFE /* Project object */ = {
			isa = PBXProject;
			attributes = {
				LastUpgradeCheck = 0830;
				ORGANIZATIONNAME = msxf;
				TargetAttributes = {
					8EA86D2B1F1CC33600D3FDFE = {
						CreatedOnToolsVersion = 8.3.3;
						ProvisioningStyle = Automatic;
					};
				};
			};
			buildConfigurationList = 8EA86D261F1CC33500D3FDFE /* Build configuration list for PBXProject "STEnvirment" */;
			compatibilityVersion = "Xcode 3.2";
			developmentRegion = English;
			hasScannedForEncodings = 0;
			knownRegions = (
				en,
			);
			mainGroup = 8EA86D221F1CC33500D3FDFE;
			productRefGroup = 8EA86D2D1F1CC33600D3FDFE /* Products */;
			projectDirPath = "";
			projectRoot = "";
			targets = (
				8EA86D2B1F1CC33600D3FDFE /* STEnvirment */,
			);
		};
/* End PBXProject section */

/* Begin PBXResourcesBuildPhase section */
		8EA86D2A1F1CC33600D3FDFE /* Resources */ = {
			isa = PBXResourcesBuildPhase;
			buildActionMask = 2147483647;
			files = (
			);
			runOnlyForDeploymentPostprocessing = 0;
		};
/* End PBXResourcesBuildPhase section */

/* Begin PBXSourcesBuildPhase section */
		8EA86D271F1CC33600D3FDFE /* Sources */ = {
			isa = PBXSourcesBuildPhase;
			buildActionMask = 2147483647;
			files = (
				8EA86DC91F1CCA1300D3FDFE /* UIScrollView+STMutiTabView.m in Sources */,
				8EA86E071F1CCDF300D3FDFE /* STEnvirmentController.m in Sources */,
				8EA86D5B1F1CC48000D3FDFE /* STMutiTabView.m in Sources */,
				8EA86E0B1F1CE9A100D3FDFE /* STLogCell.m in Sources */,
				8EA86E0F1F1CFDC000D3FDFE /* STEnvirmentModel.m in Sources */,
				8EA86E721F1DDCDE00D3FDFE /* STCustomAdressCell.m in Sources */,
			);
			runOnlyForDeploymentPostprocessing = 0;
		};
/* End PBXSourcesBuildPhase section */

/* Begin XCBuildConfiguration section */
		8EA86D321F1CC33600D3FDFE /* Debug */ = {
			isa = XCBuildConfiguration;
			buildSettings = {
				ALWAYS_SEARCH_USER_PATHS = NO;
				CLANG_ANALYZER_NONNULL = YES;
				CLANG_ANALYZER_NUMBER_OBJECT_CONVERSION = YES_AGGRESSIVE;
				CLANG_CXX_LANGUAGE_STANDARD = "gnu++0x";
				CLANG_CXX_LIBRARY = "libc++";
				CLANG_ENABLE_MODULES = YES;
				CLANG_ENABLE_OBJC_ARC = YES;
				CLANG_WARN_BOOL_CONVERSION = YES;
				CLANG_WARN_CONSTANT_CONVERSION = YES;
				CLANG_WARN_DIRECT_OBJC_ISA_USAGE = YES_ERROR;
				CLANG_WARN_DOCUMENTATION_COMMENTS = YES;
				CLANG_WARN_EMPTY_BODY = YES;
				CLANG_WARN_ENUM_CONVERSION = YES;
				CLANG_WARN_INFINITE_RECURSION = YES;
				CLANG_WARN_INT_CONVERSION = YES;
				CLANG_WARN_OBJC_ROOT_CLASS = YES_ERROR;
				CLANG_WARN_SUSPICIOUS_MOVE = YES;
				CLANG_WARN_UNREACHABLE_CODE = YES;
				CLANG_WARN__DUPLICATE_METHOD_MATCH = YES;
				"CODE_SIGN_IDENTITY[sdk=iphoneos*]" = "iPhone Developer";
				COPY_PHASE_STRIP = NO;
				CURRENT_PROJECT_VERSION = 1;
				DEBUG_INFORMATION_FORMAT = dwarf;
				ENABLE_STRICT_OBJC_MSGSEND = YES;
				ENABLE_TESTABILITY = YES;
				GCC_C_LANGUAGE_STANDARD = gnu99;
				GCC_DYNAMIC_NO_PIC = NO;
				GCC_NO_COMMON_BLOCKS = YES;
				GCC_OPTIMIZATION_LEVEL = 0;
				GCC_PREPROCESSOR_DEFINITIONS = (
					"DEBUG=1",
					"$(inherited)",
				);
				GCC_WARN_64_TO_32_BIT_CONVERSION = YES;
				GCC_WARN_ABOUT_RETURN_TYPE = YES_ERROR;
				GCC_WARN_UNDECLARED_SELECTOR = YES;
				GCC_WARN_UNINITIALIZED_AUTOS = YES_AGGRESSIVE;
				GCC_WARN_UNUSED_FUNCTION = YES;
				GCC_WARN_UNUSED_VARIABLE = YES;
				IPHONEOS_DEPLOYMENT_TARGET = 10.3;
				MTL_ENABLE_DEBUG_INFO = YES;
				ONLY_ACTIVE_ARCH = YES;
				SDKROOT = iphoneos;
				TARGETED_DEVICE_FAMILY = "1,2";
				VERSIONING_SYSTEM = "apple-generic";
				VERSION_INFO_PREFIX = "";
			};
			name = Debug;
		};
		8EA86D331F1CC33600D3FDFE /* Release */ = {
			isa = XCBuildConfiguration;
			buildSettings = {
				ALWAYS_SEARCH_USER_PATHS = NO;
				CLANG_ANALYZER_NONNULL = YES;
				CLANG_ANALYZER_NUMBER_OBJECT_CONVERSION = YES_AGGRESSIVE;
				CLANG_CXX_LANGUAGE_STANDARD = "gnu++0x";
				CLANG_CXX_LIBRARY = "libc++";
				CLANG_ENABLE_MODULES = YES;
				CLANG_ENABLE_OBJC_ARC = YES;
				CLANG_WARN_BOOL_CONVERSION = YES;
				CLANG_WARN_CONSTANT_CONVERSION = YES;
				CLANG_WARN_DIRECT_OBJC_ISA_USAGE = YES_ERROR;
				CLANG_WARN_DOCUMENTATION_COMMENTS = YES;
				CLANG_WARN_EMPTY_BODY = YES;
				CLANG_WARN_ENUM_CONVERSION = YES;
				CLANG_WARN_INFINITE_RECURSION = YES;
				CLANG_WARN_INT_CONVERSION = YES;
				CLANG_WARN_OBJC_ROOT_CLASS = YES_ERROR;
				CLANG_WARN_SUSPICIOUS_MOVE = YES;
				CLANG_WARN_UNREACHABLE_CODE = YES;
				CLANG_WARN__DUPLICATE_METHOD_MATCH = YES;
				"CODE_SIGN_IDENTITY[sdk=iphoneos*]" = "iPhone Developer";
				COPY_PHASE_STRIP = NO;
				CURRENT_PROJECT_VERSION = 1;
				DEBUG_INFORMATION_FORMAT = "dwarf-with-dsym";
				ENABLE_NS_ASSERTIONS = NO;
				ENABLE_STRICT_OBJC_MSGSEND = YES;
				GCC_C_LANGUAGE_STANDARD = gnu99;
				GCC_NO_COMMON_BLOCKS = YES;
				GCC_WARN_64_TO_32_BIT_CONVERSION = YES;
				GCC_WARN_ABOUT_RETURN_TYPE = YES_ERROR;
				GCC_WARN_UNDECLARED_SELECTOR = YES;
				GCC_WARN_UNINITIALIZED_AUTOS = YES_AGGRESSIVE;
				GCC_WARN_UNUSED_FUNCTION = YES;
				GCC_WARN_UNUSED_VARIABLE = YES;
				IPHONEOS_DEPLOYMENT_TARGET = 10.3;
				MTL_ENABLE_DEBUG_INFO = NO;
				SDKROOT = iphoneos;
				TARGETED_DEVICE_FAMILY = "1,2";
				VALIDATE_PRODUCT = YES;
				VERSIONING_SYSTEM = "apple-generic";
				VERSION_INFO_PREFIX = "";
			};
			name = Release;
		};
		8EA86D351F1CC33600D3FDFE /* Debug */ = {
			isa = XCBuildConfiguration;
			buildSettings = {
				CODE_SIGN_IDENTITY = "";
				DEFINES_MODULE = YES;
				DYLIB_COMPATIBILITY_VERSION = 1;
				DYLIB_CURRENT_VERSION = 1;
				DYLIB_INSTALL_NAME_BASE = "@rpath";
				INFOPLIST_FILE = STEnvirment/Info.plist;
				INSTALL_PATH = "$(LOCAL_LIBRARY_DIR)/Frameworks";
				IPHONEOS_DEPLOYMENT_TARGET = 8.0;
				LD_RUNPATH_SEARCH_PATHS = "$(inherited) @executable_path/Frameworks @loader_path/Frameworks";
				MACH_O_TYPE = staticlib;
				OTHER_LDFLAGS = "-ObjC";
				PRODUCT_BUNDLE_IDENTIFIER = com.msxf.STEnvirment;
				PRODUCT_NAME = "$(TARGET_NAME)";
				SKIP_INSTALL = YES;
			};
			name = Debug;
		};
		8EA86D361F1CC33600D3FDFE /* Release */ = {
			isa = XCBuildConfiguration;
			buildSettings = {
				CODE_SIGN_IDENTITY = "";
				DEFINES_MODULE = YES;
				DYLIB_COMPATIBILITY_VERSION = 1;
				DYLIB_CURRENT_VERSION = 1;
				DYLIB_INSTALL_NAME_BASE = "@rpath";
				INFOPLIST_FILE = STEnvirment/Info.plist;
				INSTALL_PATH = "$(LOCAL_LIBRARY_DIR)/Frameworks";
				IPHONEOS_DEPLOYMENT_TARGET = 8.0;
				LD_RUNPATH_SEARCH_PATHS = "$(inherited) @executable_path/Frameworks @loader_path/Frameworks";
				MACH_O_TYPE = staticlib;
				OTHER_LDFLAGS = "-ObjC";
				PRODUCT_BUNDLE_IDENTIFIER = com.msxf.STEnvirment;
				PRODUCT_NAME = "$(TARGET_NAME)";
				SKIP_INSTALL = YES;
			};
			name = Release;
		};
/* End XCBuildConfiguration section */

/* Begin XCConfigurationList section */
		8EA86D261F1CC33500D3FDFE /* Build configuration list for PBXProject "STEnvirment" */ = {
			isa = XCConfigurationList;
			buildConfigurations = (
				8EA86D321F1CC33600D3FDFE /* Debug */,
				8EA86D331F1CC33600D3FDFE /* Release */,
			);
			defaultConfigurationIsVisible = 0;
			defaultConfigurationName = Release;
		};
		8EA86D341F1CC33600D3FDFE /* Build configuration list for PBXNativeTarget "STEnvirment" */ = {
			isa = XCConfigurationList;
			buildConfigurations = (
				8EA86D351F1CC33600D3FDFE /* Debug */,
				8EA86D361F1CC33600D3FDFE /* Release */,
			);
			defaultConfigurationIsVisible = 0;
			defaultConfigurationName = Release;
		};
/* End XCConfigurationList section */
	};
	rootObject = 8EA86D231F1CC33500D3FDFE /* Project object */;
}
